
Microsoft Visual Studio Solution File, Format Version 12.00
# Visual Studio 15
Project("{FAE04EC0-301F-11D3-BF4B-00C04F79EFBC}") = "Assembly-CSharp", "Assembly-CSharp.csproj", "{1CEEE3C4-E14E-DA82-9F48-4DBC2B765E6C}"
EndProject
Project("{FAE04EC0-301F-11D3-BF4B-00C04F79EFBC}") = "Assembly-CSharp-firstpass", "Assembly-CSharp-firstpass.csproj", "{0DD4DCC8-8E66-4B8A-81E5-FF2E9947552E}"
EndProject
Project("{FAE04EC0-301F-11D3-BF4B-00C04F79EFBC}") = "Assembly-CSharp-Editor-firstpass", "Assembly-CSharp-Editor-firstpass.csproj", "{DDFF45F2-22F5-6846-5691-058C3150A52B}"
EndProject
Global
	GlobalSection(SolutionConfigurationPlatforms) = preSolution
		Debug|Any CPU = Debug|Any CPU
		Release|Any CPU = Release|Any CPU
	EndGlobalSection
	GlobalSection(ProjectConfigurationPlatforms) = postSolution
		{1CEEE3C4-E14E-DA82-9F48-4DBC2B765E6C}.Debug|Any CPU.ActiveCfg = Debug|Any CPU
		{1CEEE3C4-E14E-DA82-9F48-4DBC2B765E6C}.Debug|Any CPU.Build.0 = Debug|Any CPU
		{1CEEE3C4-E14E-DA82-9F48-4DBC2B765E6C}.Release|Any CPU.ActiveCfg = Release|Any CPU
		{1CEEE3C4-E14E-DA82-9F48-4DBC2B765E6C}.Release|Any CPU.Build.0 = Release|Any CPU
		{0DD4DCC8-8E66-4B8A-81E5-FF2E9947552E}.Debug|Any CPU.ActiveCfg = Debug|Any CPU
		{0DD4DCC8-8E66-4B8A-81E5-FF2E9947552E}.Debug|Any CPU.Build.0 = Debug|Any CPU
		{0DD4DCC8-8E66-4B8A-81E5-FF2E9947552E}.Release|Any CPU.ActiveCfg = Release|Any CPU
		{0DD4DCC8-8E66-4B8A-81E5-FF2E9947552E}.Release|Any CPU.Build.0 = Release|Any CPU
		{DDFF45F2-22F5-6846-5691-058C3150A52B}.Debug|Any CPU.ActiveCfg = Debug|Any CPU
		{DDFF45F2-22F5-6846-5691-058C3150A52B}.Debug|Any CPU.Build.0 = Debug|Any CPU
		{DDFF45F2-22F5-6846-5691-058C3150A52B}.Release|Any CPU.ActiveCfg = Release|Any CPU
		{DDFF45F2-22F5-6846-5691-058C3150A52B}.Release|Any CPU.Build.0 = Release|Any CPU
	EndGlobalSection
	GlobalSection(SolutionProperties) = preSolution
		HideSolutionNode = FALSE
	EndGlobalSection
EndGlobal
